
Microsoft Visual Studio Solution File, Format Version 12.00
# Visual Studio Version 17
VisualStudioVersion = 17.5.002.0
MinimumVisualStudioVersion = 10.0.40219.1
Project("{9A19103F-16F7-4668-BE54-9A1E7A4F7556}") = "Cometris", "Cometris.csproj", "{408CA134-1FFE-4CDC-96A4-F27ABF382CFA}"
EndProject
Global
	GlobalSection(SolutionConfigurationPlatforms) = preSolution
		Debug|Any CPU = Debug|Any CPU
		Release|Any CPU = Release|Any CPU
	EndGlobalSection
	GlobalSection(ProjectConfigurationPlatforms) = postSolution
		{408CA134-1FFE-4CDC-96A4-F27ABF382CFA}.Debug|Any CPU.ActiveCfg = Debug|Any CPU
		{408CA134-1FFE-4CDC-96A4-F27ABF382CFA}.Debug|Any CPU.Build.0 = Debug|Any CPU
		{408CA134-1FFE-4CDC-96A4-F27ABF382CFA}.Release|Any CPU.ActiveCfg = Release|Any CPU
		{408CA134-1FFE-4CDC-96A4-F27ABF382CFA}.Release|Any CPU.Build.0 = Release|Any CPU
	EndGlobalSection
	GlobalSection(SolutionProperties) = preSolution
		HideSolutionNode = FALSE
	EndGlobalSection
	GlobalSection(ExtensibilityGlobals) = postSolution
		SolutionGuid = {1A83C1EF-1A68-4208-BC85-0AC1688B23F2}
	EndGlobalSection
EndGlobal
